
Microsoft Visual Studio Solution File, Format Version 12.00
# Visual Studio 15
VisualStudioVersion = 15.0.28307.489
MinimumVisualStudioVersion = 10.0.40219.1
Project("{8BC9CEB8-8B4A-11D0-8D11-00A0C91BC942}") = "LabProject00", "LabProject00\LabProject00.vcxproj", "{09A6DF13-9B42-4FEC-B7BF-0980530B434D}"
EndProject
Project("{8BC9CEB8-8B4A-11D0-8D11-00A0C91BC942}") = "LabProject01", "LabProject01\LabProject01.vcxproj", "{506E541B-7EB0-4267-B12C-2D93CAA65467}"
EndProject
Project("{8BC9CEB8-8B4A-11D0-8D11-00A0C91BC942}") = "LabProject02", "LabProject02\LabProject02.vcxproj", "{01C1CB83-9DFB-4ABC-8D57-678DDC0BDC18}"
EndProject
Project("{8BC9CEB8-8B4A-11D0-8D11-00A0C91BC942}") = "LabProject03", "labProject03\labProject03.vcxproj", "{812ED76B-AC9F-40B4-AE16-3F947B06E2F1}"
EndProject
Project("{8BC9CEB8-8B4A-11D0-8D11-00A0C91BC942}") = "LabProject04", "LabProject04\LabProject04.vcxproj", "{DD408348-F506-4C0D-A1E0-9BFCC1CA3C4C}"
EndProject
Project("{8BC9CEB8-8B4A-11D0-8D11-00A0C91BC942}") = "LabProject05", "LabProject05\LabProject05.vcxproj", "{DA1EB82D-6BCC-432E-AEE0-9C5EEB9768FD}"
EndProject
Project("{8BC9CEB8-8B4A-11D0-8D11-00A0C91BC942}") = "LabProject06", "LabProject06\LabProject06.vcxproj", "{F301BE31-B0D3-4A4F-BD25-F445339B9FB7}"
EndProject
Project("{8BC9CEB8-8B4A-11D0-8D11-00A0C91BC942}") = "LabProject07", "LabProject07\LabProject07.vcxproj", "{E1D5BF22-9EE1-42EA-8E6B-FC9AD30AE35D}"
EndProject
Project("{8BC9CEB8-8B4A-11D0-8D11-00A0C91BC942}") = "LabProject08", "LabProject08\LabProject08.vcxproj", "{C1A03012-0515-4AB9-BAE9-7F11CCACAF40}"
EndProject
Project("{8BC9CEB8-8B4A-11D0-8D11-00A0C91BC942}") = "LabProject09", "LabProject09\LabProject09.vcxproj", "{6901E8AA-3366-4CC4-90AD-4FF0718A2AE7}"
EndProject
Project("{8BC9CEB8-8B4A-11D0-8D11-00A0C91BC942}") = "LabProject10", "LabProject10\LabProject10.vcxproj", "{E2455246-4069-4B3B-8D79-44349236AC8D}"
EndProject
Project("{8BC9CEB8-8B4A-11D0-8D11-00A0C91BC942}") = "LabProject11", "LabProject11\LabProject11.vcxproj", "{723FA616-6CAC-49F6-A57F-C65D9B53D198}"
EndProject
Global
	GlobalSection(SolutionConfigurationPlatforms) = preSolution
		Debug|x64 = Debug|x64
		Debug|x86 = Debug|x86
		Release|x64 = Release|x64
		Release|x86 = Release|x86
	EndGlobalSection
	GlobalSection(ProjectConfigurationPlatforms) = postSolution
		{09A6DF13-9B42-4FEC-B7BF-0980530B434D}.Debug|x64.ActiveCfg = Debug|x64
		{09A6DF13-9B42-4FEC-B7BF-0980530B434D}.Debug|x64.Build.0 = Debug|x64
		{09A6DF13-9B42-4FEC-B7BF-0980530B434D}.Debug|x86.ActiveCfg = Debug|Win32
		{09A6DF13-9B42-4FEC-B7BF-0980530B434D}.Debug|x86.Build.0 = Debug|Win32
		{09A6DF13-9B42-4FEC-B7BF-0980530B434D}.Release|x64.ActiveCfg = Release|x64
		{09A6DF13-9B42-4FEC-B7BF-0980530B434D}.Release|x64.Build.0 = Release|x64
		{09A6DF13-9B42-4FEC-B7BF-0980530B434D}.Release|x86.ActiveCfg = Release|Win32
		{09A6DF13-9B42-4FEC-B7BF-0980530B434D}.Release|x86.Build.0 = Release|Win32
		{506E541B-7EB0-4267-B12C-2D93CAA65467}.Debug|x64.ActiveCfg = Debug|x64
		{506E541B-7EB0-4267-B12C-2D93CAA65467}.Debug|x64.Build.0 = Debug|x64
		{506E541B-7EB0-4267-B12C-2D93CAA65467}.Debug|x86.ActiveCfg = Debug|Win32
		{506E541B-7EB0-4267-B12C-2D93CAA65467}.Debug|x86.Build.0 = Debug|Win32
		{506E541B-7EB0-4267-B12C-2D93CAA65467}.Release|x64.ActiveCfg = Release|x64
		{506E541B-7EB0-4267-B12C-2D93CAA65467}.Release|x64.Build.0 = Release|x64
		{506E541B-7EB0-4267-B12C-2D93CAA65467}.Release|x86.ActiveCfg = Release|Win32
		{506E541B-7EB0-4267-B12C-2D93CAA65467}.Release|x86.Build.0 = Release|Win32
		{01C1CB83-9DFB-4ABC-8D57-678DDC0BDC18}.Debug|x64.ActiveCfg = Debug|x64
		{01C1CB83-9DFB-4ABC-8D57-678DDC0BDC18}.Debug|x64.Build.0 = Debug|x64
		{01C1CB83-9DFB-4ABC-8D57-678DDC0BDC18}.Debug|x86.ActiveCfg = Debug|Win32
		{01C1CB83-9DFB-4ABC-8D57-678DDC0BDC18}.Debug|x86.Build.0 = Debug|Win32
		{01C1CB83-9DFB-4ABC-8D57-678DDC0BDC18}.Release|x64.ActiveCfg = Release|x64
		{01C1CB83-9DFB-4ABC-8D57-678DDC0BDC18}.Release|x64.Build.0 = Release|x64
		{01C1CB83-9DFB-4ABC-8D57-678DDC0BDC18}.Release|x86.ActiveCfg = Release|Win32
		{01C1CB83-9DFB-4ABC-8D57-678DDC0BDC18}.Release|x86.Build.0 = Release|Win32
		{812ED76B-AC9F-40B4-AE16-3F947B06E2F1}.Debug|x64.ActiveCfg = Debug|x64
		{812ED76B-AC9F-40B4-AE16-3F947B06E2F1}.Debug|x64.Build.0 = Debug|x64
		{812ED76B-AC9F-40B4-AE16-3F947B06E2F1}.Debug|x86.ActiveCfg = Debug|Win32
		{812ED76B-AC9F-40B4-AE16-3F947B06E2F1}.Debug|x86.Build.0 = Debug|Win32
		{812ED76B-AC9F-40B4-AE16-3F947B06E2F1}.Release|x64.ActiveCfg = Release|x64
		{812ED76B-AC9F-40B4-AE16-3F947B06E2F1}.Release|x64.Build.0 = Release|x64
		{812ED76B-AC9F-40B4-AE16-3F947B06E2F1}.Release|x86.ActiveCfg = Release|Win32
		{812ED76B-AC9F-40B4-AE16-3F947B06E2F1}.Release|x86.Build.0 = Release|Win32
		{DD408348-F506-4C0D-A1E0-9BFCC1CA3C4C}.Debug|x64.ActiveCfg = Debug|x64
		{DD408348-F506-4C0D-A1E0-9BFCC1CA3C4C}.Debug|x64.Build.0 = Debug|x64
		{DD408348-F506-4C0D-A1E0-9BFCC1CA3C4C}.Debug|x86.ActiveCfg = Debug|Win32
		{DD408348-F506-4C0D-A1E0-9BFCC1CA3C4C}.Debug|x86.Build.0 = Debug|Win32
		{DD408348-F506-4C0D-A1E0-9BFCC1CA3C4C}.Release|x64.ActiveCfg = Release|x64
		{DD408348-F506-4C0D-A1E0-9BFCC1CA3C4C}.Release|x64.Build.0 = Release|x64
		{DD408348-F506-4C0D-A1E0-9BFCC1CA3C4C}.Release|x86.ActiveCfg = Release|Win32
		{DD408348-F506-4C0D-A1E0-9BFCC1CA3C4C}.Release|x86.Build.0 = Release|Win32
		{DA1EB82D-6BCC-432E-AEE0-9C5EEB9768FD}.Debug|x64.ActiveCfg = Debug|x64
		{DA1EB82D-6BCC-432E-AEE0-9C5EEB9768FD}.Debug|x64.Build.0 = Debug|x64
		{DA1EB82D-6BCC-432E-AEE0-9C5EEB9768FD}.Debug|x86.ActiveCfg = Debug|Win32
		{DA1EB82D-6BCC-432E-AEE0-9C5EEB9768FD}.Debug|x86.Build.0 = Debug|Win32
		{DA1EB82D-6BCC-432E-AEE0-9C5EEB9768FD}.Release|x64.ActiveCfg = Release|x64
		{DA1EB82D-6BCC-432E-AEE0-9C5EEB9768FD}.Release|x64.Build.0 = Release|x64
		{DA1EB82D-6BCC-432E-AEE0-9C5EEB9768FD}.Release|x86.ActiveCfg = Release|Win32
		{DA1EB82D-6BCC-432E-AEE0-9C5EEB9768FD}.Release|x86.Build.0 = Release|Win32
		{F301BE31-B0D3-4A4F-BD25-F445339B9FB7}.Debug|x64.ActiveCfg = Debug|x64
		{F301BE31-B0D3-4A4F-BD25-F445339B9FB7}.Debug|x64.Build.0 = Debug|x64
		{F301BE31-B0D3-4A4F-BD25-F445339B9FB7}.Debug|x86.ActiveCfg = Debug|Win32
		{F301BE31-B0D3-4A4F-BD25-F445339B9FB7}.Debug|x86.Build.0 = Debug|Win32
		{F301BE31-B0D3-4A4F-BD25-F445339B9FB7}.Release|x64.ActiveCfg = Release|x64
		{F301BE31-B0D3-4A4F-BD25-F445339B9FB7}.Release|x64.Build.0 = Release|x64
		{F301BE31-B0D3-4A4F-BD25-F445339B9FB7}.Release|x86.ActiveCfg = Release|Win32
		{F301BE31-B0D3-4A4F-BD25-F445339B9FB7}.Release|x86.Build.0 = Release|Win32
		{E1D5BF22-9EE1-42EA-8E6B-FC9AD30AE35D}.Debug|x64.ActiveCfg = Debug|x64
		{E1D5BF22-9EE1-42EA-8E6B-FC9AD30AE35D}.Debug|x64.Build.0 = Debug|x64
		{E1D5BF22-9EE1-42EA-8E6B-FC9AD30AE35D}.Debug|x86.ActiveCfg = Debug|Win32
		{E1D5BF22-9EE1-42EA-8E6B-FC9AD30AE35D}.Debug|x86.Build.0 = Debug|Win32
		{E1D5BF22-9EE1-42EA-8E6B-FC9AD30AE35D}.Release|x64.ActiveCfg = Release|x64
		{E1D5BF22-9EE1-42EA-8E6B-FC9AD30AE35D}.Release|x64.Build.0 = Release|x64
		{E1D5BF22-9EE1-42EA-8E6B-FC9AD30AE35D}.Release|x86.ActiveCfg = Release|Win32
		{E1D5BF22-9EE1-42EA-8E6B-FC9AD30AE35D}.Release|x86.Build.0 = Release|Win32
		{C1A03012-0515-4AB9-BAE9-7F11CCACAF40}.Debug|x64.ActiveCfg = Debug|x64
		{C1A03012-0515-4AB9-BAE9-7F11CCACAF40}.Debug|x64.Build.0 = Debug|x64
		{C1A03012-0515-4AB9-BAE9-7F11CCACAF40}.Debug|x86.ActiveCfg = Debug|Win32
		{C1A03012-0515-4AB9-BAE9-7F11CCACAF40}.Debug|x86.Build.0 = Debug|Win32
		{C1A03012-0515-4AB9-BAE9-7F11CCACAF40}.Release|x64.ActiveCfg = Release|x64
		{C1A03012-0515-4AB9-BAE9-7F11CCACAF40}.Release|x64.Build.0 = Release|x64
		{C1A03012-0515-4AB9-BAE9-7F11CCACAF40}.Release|x86.ActiveCfg = Release|Win32
		{C1A03012-0515-4AB9-BAE9-7F11CCACAF40}.Release|x86.Build.0 = Release|Win32
		{6901E8AA-3366-4CC4-90AD-4FF0718A2AE7}.Debug|x64.ActiveCfg = Debug|x64
		{6901E8AA-3366-4CC4-90AD-4FF0718A2AE7}.Debug|x64.Build.0 = Debug|x64
		{6901E8AA-3366-4CC4-90AD-4FF0718A2AE7}.Debug|x86.ActiveCfg = Debug|Win32
		{6901E8AA-3366-4CC4-90AD-4FF0718A2AE7}.Debug|x86.Build.0 = Debug|Win32
		{6901E8AA-3366-4CC4-90AD-4FF0718A2AE7}.Release|x64.ActiveCfg = Release|x64
		{6901E8AA-3366-4CC4-90AD-4FF0718A2AE7}.Release|x64.Build.0 = Release|x64
		{6901E8AA-3366-4CC4-90AD-4FF0718A2AE7}.Release|x86.ActiveCfg = Release|Win32
		{6901E8AA-3366-4CC4-90AD-4FF0718A2AE7}.Release|x86.Build.0 = Release|Win32
		{E2455246-4069-4B3B-8D79-44349236AC8D}.Debug|x64.ActiveCfg = Debug|x64
		{E2455246-4069-4B3B-8D79-44349236AC8D}.Debug|x64.Build.0 = Debug|x64
		{E2455246-4069-4B3B-8D79-44349236AC8D}.Debug|x86.ActiveCfg = Debug|Win32
		{E2455246-4069-4B3B-8D79-44349236AC8D}.Debug|x86.Build.0 = Debug|Win32
		{E2455246-4069-4B3B-8D79-44349236AC8D}.Release|x64.ActiveCfg = Release|x64
		{E2455246-4069-4B3B-8D79-44349236AC8D}.Release|x64.Build.0 = Release|x64
		{E2455246-4069-4B3B-8D79-44349236AC8D}.Release|x86.ActiveCfg = Release|Win32
		{E2455246-4069-4B3B-8D79-44349236AC8D}.Release|x86.Build.0 = Release|Win32
		{723FA616-6CAC-49F6-A57F-C65D9B53D198}.Debug|x64.ActiveCfg = Debug|x64
		{723FA616-6CAC-49F6-A57F-C65D9B53D198}.Debug|x64.Build.0 = Debug|x64
		{723FA616-6CAC-49F6-A57F-C65D9B53D198}.Debug|x86.ActiveCfg = Debug|Win32
		{723FA616-6CAC-49F6-A57F-C65D9B53D198}.Debug|x86.Build.0 = Debug|Win32
		{723FA616-6CAC-49F6-A57F-C65D9B53D198}.Release|x64.ActiveCfg = Release|x64
		{723FA616-6CAC-49F6-A57F-C65D9B53D198}.Release|x64.Build.0 = Release|x64
		{723FA616-6CAC-49F6-A57F-C65D9B53D198}.Release|x86.ActiveCfg = Release|Win32
		{723FA616-6CAC-49F6-A57F-C65D9B53D198}.Release|x86.Build.0 = Release|Win32
	EndGlobalSection
	GlobalSection(SolutionProperties) = preSolution
		HideSolutionNode = FALSE
	EndGlobalSection
	GlobalSection(ExtensibilityGlobals) = postSolution
		SolutionGuid = {B96D54BA-E385-4A49-B15B-02DC18C263AD}
	EndGlobalSection
EndGlobal
